// !$*UTF8*$!
{
	archiveVersion = 1;
	classes = {
	};
	objectVersion = 56;
	objects = {

/* Begin PBXBuildFile section */
		60020DBB2ADD30A300209EE7 /* Colors.swift in Sources */ = {isa = PBXBuildFile; fileRef = 60020DBA2ADD30A300209EE7 /* Colors.swift */; };
		60020DBE2ADD33E400209EE7 /* OpenSans-Regular.ttf in Resources */ = {isa = PBXBuildFile; fileRef = 60020DBD2ADD33E400209EE7 /* OpenSans-Regular.ttf */; };
		60020DBF2ADD33E400209EE7 /* OpenSans-Regular.ttf in Resources */ = {isa = PBXBuildFile; fileRef = 60020DBD2ADD33E400209EE7 /* OpenSans-Regular.ttf */; };
		60020DC02ADD33E400209EE7 /* OpenSans-Regular.ttf in Resources */ = {isa = PBXBuildFile; fileRef = 60020DBD2ADD33E400209EE7 /* OpenSans-Regular.ttf */; };
		60020DC22ADD33F800209EE7 /* Poppins-Medium.ttf in Resources */ = {isa = PBXBuildFile; fileRef = 60020DC12ADD33F800209EE7 /* Poppins-Medium.ttf */; };
		60020DC32ADD33F800209EE7 /* Poppins-Medium.ttf in Resources */ = {isa = PBXBuildFile; fileRef = 60020DC12ADD33F800209EE7 /* Poppins-Medium.ttf */; };
		60020DC42ADD33F800209EE7 /* Poppins-Medium.ttf in Resources */ = {isa = PBXBuildFile; fileRef = 60020DC12ADD33F800209EE7 /* Poppins-Medium.ttf */; };
		60020DC62ADD340200209EE7 /* Poppins-Light.ttf in Resources */ = {isa = PBXBuildFile; fileRef = 60020DC52ADD340200209EE7 /* Poppins-Light.ttf */; };
		60020DC72ADD340200209EE7 /* Poppins-Light.ttf in Resources */ = {isa = PBXBuildFile; fileRef = 60020DC52ADD340200209EE7 /* Poppins-Light.ttf */; };
		60020DC82ADD340200209EE7 /* Poppins-Light.ttf in Resources */ = {isa = PBXBuildFile; fileRef = 60020DC52ADD340200209EE7 /* Poppins-Light.ttf */; };
		60020DCB2ADD37A700209EE7 /* TextStyles.swift in Sources */ = {isa = PBXBuildFile; fileRef = 60020DCA2ADD37A700209EE7 /* TextStyles.swift */; };
		60020DCC2ADD37A700209EE7 /* TextStyles.swift in Sources */ = {isa = PBXBuildFile; fileRef = 60020DCA2ADD37A700209EE7 /* TextStyles.swift */; };
		60020DCD2ADD37A700209EE7 /* TextStyles.swift in Sources */ = {isa = PBXBuildFile; fileRef = 60020DCA2ADD37A700209EE7 /* TextStyles.swift */; };
		60020DCF2ADD390B00209EE7 /* EditText.swift in Sources */ = {isa = PBXBuildFile; fileRef = 60020DCE2ADD390B00209EE7 /* EditText.swift */; };
		60020DD02ADD390B00209EE7 /* EditText.swift in Sources */ = {isa = PBXBuildFile; fileRef = 60020DCE2ADD390B00209EE7 /* EditText.swift */; };
		60020DD12ADD390B00209EE7 /* EditText.swift in Sources */ = {isa = PBXBuildFile; fileRef = 60020DCE2ADD390B00209EE7 /* EditText.swift */; };
		60225C782B0CFA280036A8FC /* Poppins-LightItalic.ttf in Resources */ = {isa = PBXBuildFile; fileRef = 60225C772B0CFA280036A8FC /* Poppins-LightItalic.ttf */; };
		60225C792B0CFA280036A8FC /* Poppins-LightItalic.ttf in Resources */ = {isa = PBXBuildFile; fileRef = 60225C772B0CFA280036A8FC /* Poppins-LightItalic.ttf */; };
		60225C7A2B0CFA280036A8FC /* Poppins-LightItalic.ttf in Resources */ = {isa = PBXBuildFile; fileRef = 60225C772B0CFA280036A8FC /* Poppins-LightItalic.ttf */; };
		60295DC62B0B969D00E6955C /* MainScreen.swift in Sources */ = {isa = PBXBuildFile; fileRef = 60295DC52B0B969D00E6955C /* MainScreen.swift */; };
		60295DC92B0B979900E6955C /* RegisterModel.swift in Sources */ = {isa = PBXBuildFile; fileRef = 60295DC82B0B979900E6955C /* RegisterModel.swift */; };
		603F19122B08FEAF006B385B /* UserModel.swift in Sources */ = {isa = PBXBuildFile; fileRef = 607017C62AD6B848000ECF18 /* UserModel.swift */; };
		603F19132B08FEAF006B385B /* UserModel.swift in Sources */ = {isa = PBXBuildFile; fileRef = 607017C62AD6B848000ECF18 /* UserModel.swift */; };
		603F19172B08FEED006B385B /* UserManager.swift in Sources */ = {isa = PBXBuildFile; fileRef = 603F19162B08FEED006B385B /* UserManager.swift */; };
		604E94162ADE7BAB007B1FF2 /* Dropdown.swift in Sources */ = {isa = PBXBuildFile; fileRef = 604E94152ADE7BAB007B1FF2 /* Dropdown.swift */; };
		604E94172ADE7BAB007B1FF2 /* Dropdown.swift in Sources */ = {isa = PBXBuildFile; fileRef = 604E94152ADE7BAB007B1FF2 /* Dropdown.swift */; };
		604E94182ADE7BAB007B1FF2 /* Dropdown.swift in Sources */ = {isa = PBXBuildFile; fileRef = 604E94152ADE7BAB007B1FF2 /* Dropdown.swift */; };
		605A15332AE802DA007E5CC6 /* OnboardingScreen.swift in Sources */ = {isa = PBXBuildFile; fileRef = 605A15322AE802DA007E5CC6 /* OnboardingScreen.swift */; };
		6066CE922AE39B53006F2C89 /* DropdownField.swift in Sources */ = {isa = PBXBuildFile; fileRef = 6066CE912AE39B53006F2C89 /* DropdownField.swift */; };
		6066CE932AE39B53006F2C89 /* DropdownField.swift in Sources */ = {isa = PBXBuildFile; fileRef = 6066CE912AE39B53006F2C89 /* DropdownField.swift */; };
		6066CE942AE39B53006F2C89 /* DropdownField.swift in Sources */ = {isa = PBXBuildFile; fileRef = 6066CE912AE39B53006F2C89 /* DropdownField.swift */; };
		6066CE992AE55EB2006F2C89 /* Constant.swift in Sources */ = {isa = PBXBuildFile; fileRef = 6066CE982AE55EB2006F2C89 /* Constant.swift */; };
		6066CE9A2AE55EB2006F2C89 /* Constant.swift in Sources */ = {isa = PBXBuildFile; fileRef = 6066CE982AE55EB2006F2C89 /* Constant.swift */; };
		6066CE9B2AE55EB2006F2C89 /* Constant.swift in Sources */ = {isa = PBXBuildFile; fileRef = 6066CE982AE55EB2006F2C89 /* Constant.swift */; };
		606900B12AD8ED78002280D8 /* CustomButton.swift in Sources */ = {isa = PBXBuildFile; fileRef = 606900B02AD8ED78002280D8 /* CustomButton.swift */; };
		6069A7462AE8D0DA005288AB /* TargetView.swift in Sources */ = {isa = PBXBuildFile; fileRef = 6069A7452AE8D0DA005288AB /* TargetView.swift */; };
		6069A7472AE8D0DA005288AB /* TargetView.swift in Sources */ = {isa = PBXBuildFile; fileRef = 6069A7452AE8D0DA005288AB /* TargetView.swift */; };
		6069A7482AE8D0DA005288AB /* TargetView.swift in Sources */ = {isa = PBXBuildFile; fileRef = 6069A7452AE8D0DA005288AB /* TargetView.swift */; };
		607017982AD6B4E0000ECF18 /* NutreazyApp.swift in Sources */ = {isa = PBXBuildFile; fileRef = 607017972AD6B4E0000ECF18 /* NutreazyApp.swift */; };
		6070179A2AD6B4E0000ECF18 /* IntroductionView.swift in Sources */ = {isa = PBXBuildFile; fileRef = 607017992AD6B4E0000ECF18 /* IntroductionView.swift */; };
		6070179C2AD6B4E1000ECF18 /* Assets.xcassets in Resources */ = {isa = PBXBuildFile; fileRef = 6070179B2AD6B4E1000ECF18 /* Assets.xcassets */; };
		607017A02AD6B4E1000ECF18 /* Preview Assets.xcassets in Resources */ = {isa = PBXBuildFile; fileRef = 6070179F2AD6B4E1000ECF18 /* Preview Assets.xcassets */; };
		607017AA2AD6B4E1000ECF18 /* NutreazyTests.swift in Sources */ = {isa = PBXBuildFile; fileRef = 607017A92AD6B4E1000ECF18 /* NutreazyTests.swift */; };
		607017B42AD6B4E1000ECF18 /* NutreazyUITests.swift in Sources */ = {isa = PBXBuildFile; fileRef = 607017B32AD6B4E1000ECF18 /* NutreazyUITests.swift */; };
		607017B62AD6B4E1000ECF18 /* NutreazyUITestsLaunchTests.swift in Sources */ = {isa = PBXBuildFile; fileRef = 607017B52AD6B4E1000ECF18 /* NutreazyUITestsLaunchTests.swift */; };
		607017C72AD6B848000ECF18 /* UserModel.swift in Sources */ = {isa = PBXBuildFile; fileRef = 607017C62AD6B848000ECF18 /* UserModel.swift */; };
		607017C92AD6B871000ECF18 /* FoodLogModel.swift in Sources */ = {isa = PBXBuildFile; fileRef = 607017C82AD6B871000ECF18 /* FoodLogModel.swift */; };
		607017CB2AD6B88E000ECF18 /* FoodInfoModel.swift in Sources */ = {isa = PBXBuildFile; fileRef = 607017CA2AD6B88E000ECF18 /* FoodInfoModel.swift */; };
		607353192B0E39030049F5AC /* FoodLogListView.swift in Sources */ = {isa = PBXBuildFile; fileRef = 607353182B0E39030049F5AC /* FoodLogListView.swift */; };
		6073531B2B0E46780049F5AC /* Chip.swift in Sources */ = {isa = PBXBuildFile; fileRef = 6073531A2B0E46780049F5AC /* Chip.swift */; };
		6075D13A2AE96C310085E802 /* InfoView.swift in Sources */ = {isa = PBXBuildFile; fileRef = 6075D1392AE96C310085E802 /* InfoView.swift */; };
		6075D13B2AE96C310085E802 /* InfoView.swift in Sources */ = {isa = PBXBuildFile; fileRef = 6075D1392AE96C310085E802 /* InfoView.swift */; };
		6075D13C2AE96C310085E802 /* InfoView.swift in Sources */ = {isa = PBXBuildFile; fileRef = 6075D1392AE96C310085E802 /* InfoView.swift */; };
		607E5AF42B0F940100E8452A /* FloatingButton.swift in Sources */ = {isa = PBXBuildFile; fileRef = 607E5AF32B0F940100E8452A /* FloatingButton.swift */; };
		609B1F5A2B089E0B00AAC37B /* IntEditText.swift in Sources */ = {isa = PBXBuildFile; fileRef = 609B1F592B089E0B00AAC37B /* IntEditText.swift */; };
		609B1F5B2B089E0B00AAC37B /* IntEditText.swift in Sources */ = {isa = PBXBuildFile; fileRef = 609B1F592B089E0B00AAC37B /* IntEditText.swift */; };
		609B1F5C2B089E0B00AAC37B /* IntEditText.swift in Sources */ = {isa = PBXBuildFile; fileRef = 609B1F592B089E0B00AAC37B /* IntEditText.swift */; };
		609B1F5F2B08A87C00AAC37B /* DoubleEditText.swift in Sources */ = {isa = PBXBuildFile; fileRef = 609B1F5E2B08A87C00AAC37B /* DoubleEditText.swift */; };
		609B1F602B08A87C00AAC37B /* DoubleEditText.swift in Sources */ = {isa = PBXBuildFile; fileRef = 609B1F5E2B08A87C00AAC37B /* DoubleEditText.swift */; };
		609B1F612B08A87C00AAC37B /* DoubleEditText.swift in Sources */ = {isa = PBXBuildFile; fileRef = 609B1F5E2B08A87C00AAC37B /* DoubleEditText.swift */; };
		609B1F652B08A9FE00AAC37B /* DoubleTextField.swift in Sources */ = {isa = PBXBuildFile; fileRef = 609B1F642B08A9FE00AAC37B /* DoubleTextField.swift */; };
		609B1F662B08A9FE00AAC37B /* DoubleTextField.swift in Sources */ = {isa = PBXBuildFile; fileRef = 609B1F642B08A9FE00AAC37B /* DoubleTextField.swift */; };
		609B1F672B08A9FE00AAC37B /* DoubleTextField.swift in Sources */ = {isa = PBXBuildFile; fileRef = 609B1F642B08A9FE00AAC37B /* DoubleTextField.swift */; };
		609B1F6A2B08BFA500AAC37B /* UserState.swift in Sources */ = {isa = PBXBuildFile; fileRef = 609B1F692B08BFA500AAC37B /* UserState.swift */; };
		609B1F6B2B08BFA500AAC37B /* UserState.swift in Sources */ = {isa = PBXBuildFile; fileRef = 609B1F692B08BFA500AAC37B /* UserState.swift */; };
		609B1F6C2B08BFA500AAC37B /* UserState.swift in Sources */ = {isa = PBXBuildFile; fileRef = 609B1F692B08BFA500AAC37B /* UserState.swift */; };
		609F669B2ADE26140007C42D /* IntTextField.swift in Sources */ = {isa = PBXBuildFile; fileRef = 609F669A2ADE26140007C42D /* IntTextField.swift */; };
		609F669C2ADE26140007C42D /* IntTextField.swift in Sources */ = {isa = PBXBuildFile; fileRef = 609F669A2ADE26140007C42D /* IntTextField.swift */; };
		609F669D2ADE26140007C42D /* IntTextField.swift in Sources */ = {isa = PBXBuildFile; fileRef = 609F669A2ADE26140007C42D /* IntTextField.swift */; };
		609F669F2ADE71030007C42D /* LongStringTextField.swift in Sources */ = {isa = PBXBuildFile; fileRef = 609F669E2ADE71030007C42D /* LongStringTextField.swift */; };
		609F66A02ADE71030007C42D /* LongStringTextField.swift in Sources */ = {isa = PBXBuildFile; fileRef = 609F669E2ADE71030007C42D /* LongStringTextField.swift */; };
		609F66A12ADE71030007C42D /* LongStringTextField.swift in Sources */ = {isa = PBXBuildFile; fileRef = 609F669E2ADE71030007C42D /* LongStringTextField.swift */; };
		60AC71A42B11A89200DCB0AB /* FoodLogRow.swift in Sources */ = {isa = PBXBuildFile; fileRef = 60AC71A32B11A89200DCB0AB /* FoodLogRow.swift */; };
		60DA934B2B03ACF40004EA5C /* StrategyView.swift in Sources */ = {isa = PBXBuildFile; fileRef = 60DA934A2B03ACF40004EA5C /* StrategyView.swift */; };
		60DA934E2B03B3790004EA5C /* Realm in Frameworks */ = {isa = PBXBuildFile; productRef = 60DA934D2B03B3790004EA5C /* Realm */; };
		60DA93502B03B3790004EA5C /* RealmSwift in Frameworks */ = {isa = PBXBuildFile; productRef = 60DA934F2B03B3790004EA5C /* RealmSwift */; };
		60E683642AE66D2500D3F3E8 /* WelcomeView.swift in Sources */ = {isa = PBXBuildFile; fileRef = 60E683632AE66D2500D3F3E8 /* WelcomeView.swift */; };
		60E683652AE66D2500D3F3E8 /* WelcomeView.swift in Sources */ = {isa = PBXBuildFile; fileRef = 60E683632AE66D2500D3F3E8 /* WelcomeView.swift */; };
		60E683662AE66D2500D3F3E8 /* WelcomeView.swift in Sources */ = {isa = PBXBuildFile; fileRef = 60E683632AE66D2500D3F3E8 /* WelcomeView.swift */; };
/* End PBXBuildFile section */

/* Begin PBXContainerItemProxy section */
		607017A62AD6B4E1000ECF18 /* PBXContainerItemProxy */ = {
			isa = PBXContainerItemProxy;
			containerPortal = 6070178C2AD6B4E0000ECF18 /* Project object */;
			proxyType = 1;
			remoteGlobalIDString = 607017932AD6B4E0000ECF18;
			remoteInfo = Nutreazy;
		};
		607017B02AD6B4E1000ECF18 /* PBXContainerItemProxy */ = {
			isa = PBXContainerItemProxy;
			containerPortal = 6070178C2AD6B4E0000ECF18 /* Project object */;
			proxyType = 1;
			remoteGlobalIDString = 607017932AD6B4E0000ECF18;
			remoteInfo = Nutreazy;
		};
/* End PBXContainerItemProxy section */

/* Begin PBXFileReference section */
		60020DBA2ADD30A300209EE7 /* Colors.swift */ = {isa = PBXFileReference; lastKnownFileType = sourcecode.swift; path = Colors.swift; sourceTree = "<group>"; };
		60020DBD2ADD33E400209EE7 /* OpenSans-Regular.ttf */ = {isa = PBXFileReference; lastKnownFileType = file; path = "OpenSans-Regular.ttf"; sourceTree = "<group>"; };
		60020DC12ADD33F800209EE7 /* Poppins-Medium.ttf */ = {isa = PBXFileReference; lastKnownFileType = file; path = "Poppins-Medium.ttf"; sourceTree = "<group>"; };
		60020DC52ADD340200209EE7 /* Poppins-Light.ttf */ = {isa = PBXFileReference; lastKnownFileType = file; path = "Poppins-Light.ttf"; sourceTree = "<group>"; };
		60020DC92ADD353300209EE7 /* Info.plist */ = {isa = PBXFileReference; lastKnownFileType = text.plist; path = Info.plist; sourceTree = "<group>"; };
		60020DCA2ADD37A700209EE7 /* TextStyles.swift */ = {isa = PBXFileReference; lastKnownFileType = sourcecode.swift; path = TextStyles.swift; sourceTree = "<group>"; };
		60020DCE2ADD390B00209EE7 /* EditText.swift */ = {isa = PBXFileReference; lastKnownFileType = sourcecode.swift; path = EditText.swift; sourceTree = "<group>"; };
		60225C772B0CFA280036A8FC /* Poppins-LightItalic.ttf */ = {isa = PBXFileReference; lastKnownFileType = file; path = "Poppins-LightItalic.ttf"; sourceTree = "<group>"; };
		60295DC52B0B969D00E6955C /* MainScreen.swift */ = {isa = PBXFileReference; lastKnownFileType = sourcecode.swift; path = MainScreen.swift; sourceTree = "<group>"; };
		60295DC82B0B979900E6955C /* RegisterModel.swift */ = {isa = PBXFileReference; lastKnownFileType = sourcecode.swift; path = RegisterModel.swift; sourceTree = "<group>"; };
		603F19162B08FEED006B385B /* UserManager.swift */ = {isa = PBXFileReference; lastKnownFileType = sourcecode.swift; path = UserManager.swift; sourceTree = "<group>"; };
		604E94152ADE7BAB007B1FF2 /* Dropdown.swift */ = {isa = PBXFileReference; lastKnownFileType = sourcecode.swift; path = Dropdown.swift; sourceTree = "<group>"; };
		605A15322AE802DA007E5CC6 /* OnboardingScreen.swift */ = {isa = PBXFileReference; lastKnownFileType = sourcecode.swift; path = OnboardingScreen.swift; sourceTree = "<group>"; };
		6066CE912AE39B53006F2C89 /* DropdownField.swift */ = {isa = PBXFileReference; lastKnownFileType = sourcecode.swift; path = DropdownField.swift; sourceTree = "<group>"; };
		6066CE982AE55EB2006F2C89 /* Constant.swift */ = {isa = PBXFileReference; lastKnownFileType = sourcecode.swift; path = Constant.swift; sourceTree = "<group>"; };
		606900B02AD8ED78002280D8 /* CustomButton.swift */ = {isa = PBXFileReference; lastKnownFileType = sourcecode.swift; path = CustomButton.swift; sourceTree = "<group>"; };
		6069A7452AE8D0DA005288AB /* TargetView.swift */ = {isa = PBXFileReference; lastKnownFileType = sourcecode.swift; path = TargetView.swift; sourceTree = "<group>"; };
		607017942AD6B4E0000ECF18 /* Nutreazy.app */ = {isa = PBXFileReference; explicitFileType = wrapper.application; includeInIndex = 0; path = Nutreazy.app; sourceTree = BUILT_PRODUCTS_DIR; };
		607017972AD6B4E0000ECF18 /* NutreazyApp.swift */ = {isa = PBXFileReference; lastKnownFileType = sourcecode.swift; path = NutreazyApp.swift; sourceTree = "<group>"; };
		607017992AD6B4E0000ECF18 /* IntroductionView.swift */ = {isa = PBXFileReference; lastKnownFileType = sourcecode.swift; path = IntroductionView.swift; sourceTree = "<group>"; };
		6070179B2AD6B4E1000ECF18 /* Assets.xcassets */ = {isa = PBXFileReference; lastKnownFileType = folder.assetcatalog; path = Assets.xcassets; sourceTree = "<group>"; };
		6070179D2AD6B4E1000ECF18 /* Nutreazy.entitlements */ = {isa = PBXFileReference; lastKnownFileType = text.plist.entitlements; path = Nutreazy.entitlements; sourceTree = "<group>"; };
		6070179F2AD6B4E1000ECF18 /* Preview Assets.xcassets */ = {isa = PBXFileReference; lastKnownFileType = folder.assetcatalog; path = "Preview Assets.xcassets"; sourceTree = "<group>"; };
		607017A52AD6B4E1000ECF18 /* NutreazyTests.xctest */ = {isa = PBXFileReference; explicitFileType = wrapper.cfbundle; includeInIndex = 0; path = NutreazyTests.xctest; sourceTree = BUILT_PRODUCTS_DIR; };
		607017A92AD6B4E1000ECF18 /* NutreazyTests.swift */ = {isa = PBXFileReference; lastKnownFileType = sourcecode.swift; path = NutreazyTests.swift; sourceTree = "<group>"; };
		607017AF2AD6B4E1000ECF18 /* NutreazyUITests.xctest */ = {isa = PBXFileReference; explicitFileType = wrapper.cfbundle; includeInIndex = 0; path = NutreazyUITests.xctest; sourceTree = BUILT_PRODUCTS_DIR; };
		607017B32AD6B4E1000ECF18 /* NutreazyUITests.swift */ = {isa = PBXFileReference; lastKnownFileType = sourcecode.swift; path = NutreazyUITests.swift; sourceTree = "<group>"; };
		607017B52AD6B4E1000ECF18 /* NutreazyUITestsLaunchTests.swift */ = {isa = PBXFileReference; lastKnownFileType = sourcecode.swift; path = NutreazyUITestsLaunchTests.swift; sourceTree = "<group>"; };
		607017C62AD6B848000ECF18 /* UserModel.swift */ = {isa = PBXFileReference; lastKnownFileType = sourcecode.swift; path = UserModel.swift; sourceTree = "<group>"; };
		607017C82AD6B871000ECF18 /* FoodLogModel.swift */ = {isa = PBXFileReference; lastKnownFileType = sourcecode.swift; path = FoodLogModel.swift; sourceTree = "<group>"; };
		607017CA2AD6B88E000ECF18 /* FoodInfoModel.swift */ = {isa = PBXFileReference; lastKnownFileType = sourcecode.swift; path = FoodInfoModel.swift; sourceTree = "<group>"; };
		607353182B0E39030049F5AC /* FoodLogListView.swift */ = {isa = PBXFileReference; lastKnownFileType = sourcecode.swift; path = FoodLogListView.swift; sourceTree = "<group>"; };
		6073531A2B0E46780049F5AC /* Chip.swift */ = {isa = PBXFileReference; lastKnownFileType = sourcecode.swift; path = Chip.swift; sourceTree = "<group>"; };
		6075D1392AE96C310085E802 /* InfoView.swift */ = {isa = PBXFileReference; lastKnownFileType = sourcecode.swift; path = InfoView.swift; sourceTree = "<group>"; };
		607E5AF32B0F940100E8452A /* FloatingButton.swift */ = {isa = PBXFileReference; lastKnownFileType = sourcecode.swift; path = FloatingButton.swift; sourceTree = "<group>"; };
		609B1F592B089E0B00AAC37B /* IntEditText.swift */ = {isa = PBXFileReference; lastKnownFileType = sourcecode.swift; path = IntEditText.swift; sourceTree = "<group>"; };
		609B1F5E2B08A87C00AAC37B /* DoubleEditText.swift */ = {isa = PBXFileReference; lastKnownFileType = sourcecode.swift; path = DoubleEditText.swift; sourceTree = "<group>"; };
		609B1F642B08A9FE00AAC37B /* DoubleTextField.swift */ = {isa = PBXFileReference; lastKnownFileType = sourcecode.swift; path = DoubleTextField.swift; sourceTree = "<group>"; };
		609B1F692B08BFA500AAC37B /* UserState.swift */ = {isa = PBXFileReference; lastKnownFileType = sourcecode.swift; path = UserState.swift; sourceTree = "<group>"; };
		609F669A2ADE26140007C42D /* IntTextField.swift */ = {isa = PBXFileReference; lastKnownFileType = sourcecode.swift; path = IntTextField.swift; sourceTree = "<group>"; };
		609F669E2ADE71030007C42D /* LongStringTextField.swift */ = {isa = PBXFileReference; lastKnownFileType = sourcecode.swift; path = LongStringTextField.swift; sourceTree = "<group>"; };
		60AC71A32B11A89200DCB0AB /* FoodLogRow.swift */ = {isa = PBXFileReference; lastKnownFileType = sourcecode.swift; path = FoodLogRow.swift; sourceTree = "<group>"; };
		60DA934A2B03ACF40004EA5C /* StrategyView.swift */ = {isa = PBXFileReference; lastKnownFileType = sourcecode.swift; path = StrategyView.swift; sourceTree = "<group>"; };
		60E683632AE66D2500D3F3E8 /* WelcomeView.swift */ = {isa = PBXFileReference; lastKnownFileType = sourcecode.swift; path = WelcomeView.swift; sourceTree = "<group>"; };
/* End PBXFileReference section */

/* Begin PBXFrameworksBuildPhase section */
		607017912AD6B4E0000ECF18 /* Frameworks */ = {
			isa = PBXFrameworksBuildPhase;
			buildActionMask = 2147483647;
			files = (
				60DA93502B03B3790004EA5C /* RealmSwift in Frameworks */,
				60DA934E2B03B3790004EA5C /* Realm in Frameworks */,
			);
			runOnlyForDeploymentPostprocessing = 0;
		};
		607017A22AD6B4E1000ECF18 /* Frameworks */ = {
			isa = PBXFrameworksBuildPhase;
			buildActionMask = 2147483647;
			files = (
			);
			runOnlyForDeploymentPostprocessing = 0;
		};
		607017AC2AD6B4E1000ECF18 /* Frameworks */ = {
			isa = PBXFrameworksBuildPhase;
			buildActionMask = 2147483647;
			files = (
			);
			runOnlyForDeploymentPostprocessing = 0;
		};
/* End PBXFrameworksBuildPhase section */

/* Begin PBXGroup section */
		60020DB92ADD307600209EE7 /* Styles */ = {
			isa = PBXGroup;
			children = (
				60020DBC2ADD33C300209EE7 /* Fonts */,
				60020DBA2ADD30A300209EE7 /* Colors.swift */,
				60020DCA2ADD37A700209EE7 /* TextStyles.swift */,
			);
			path = Styles;
			sourceTree = "<group>";
		};
		60020DBC2ADD33C300209EE7 /* Fonts */ = {
			isa = PBXGroup;
			children = (
				60225C772B0CFA280036A8FC /* Poppins-LightItalic.ttf */,
				60020DC52ADD340200209EE7 /* Poppins-Light.ttf */,
				60020DC12ADD33F800209EE7 /* Poppins-Medium.ttf */,
				60020DBD2ADD33E400209EE7 /* OpenSans-Regular.ttf */,
			);
			path = Fonts;
			sourceTree = "<group>";
		};
		60295DC42B0B968100E6955C /* Main */ = {
			isa = PBXGroup;
			children = (
				60295DCA2B0B9B9F00E6955C /* Views */,
				60295DC52B0B969D00E6955C /* MainScreen.swift */,
			);
			path = Main;
			sourceTree = "<group>";
		};
		60295DC72B0B978800E6955C /* Register */ = {
			isa = PBXGroup;
			children = (
				60295DC82B0B979900E6955C /* RegisterModel.swift */,
			);
			path = Register;
			sourceTree = "<group>";
		};
		60295DCA2B0B9B9F00E6955C /* Views */ = {
			isa = PBXGroup;
			children = (
				607353182B0E39030049F5AC /* FoodLogListView.swift */,
			);
			path = Views;
			sourceTree = "<group>";
		};
		603F19112B08FEA9006B385B /* User */ = {
			isa = PBXGroup;
			children = (
				609B1F692B08BFA500AAC37B /* UserState.swift */,
				607017C62AD6B848000ECF18 /* UserModel.swift */,
				603F19162B08FEED006B385B /* UserManager.swift */,
			);
			path = User;
			sourceTree = "<group>";
		};
		603F19142B08FEB7006B385B /* FoodLog */ = {
			isa = PBXGroup;
			children = (
				607017C82AD6B871000ECF18 /* FoodLogModel.swift */,
			);
			path = FoodLog;
			sourceTree = "<group>";
		};
		603F19152B08FEC1006B385B /* FoodInfo */ = {
			isa = PBXGroup;
			children = (
				607017CA2AD6B88E000ECF18 /* FoodInfoModel.swift */,
			);
			path = FoodInfo;
			sourceTree = "<group>";
		};
		605A15312AE802C9007E5CC6 /* Views */ = {
			isa = PBXGroup;
			children = (
				607017992AD6B4E0000ECF18 /* IntroductionView.swift */,
				60E683632AE66D2500D3F3E8 /* WelcomeView.swift */,
				6069A7452AE8D0DA005288AB /* TargetView.swift */,
				6075D1392AE96C310085E802 /* InfoView.swift */,
				60DA934A2B03ACF40004EA5C /* StrategyView.swift */,
			);
			path = Views;
			sourceTree = "<group>";
		};
		6066CE952AE39E2A006F2C89 /* Screens */ = {
			isa = PBXGroup;
			children = (
				60295DC42B0B968100E6955C /* Main */,
				6066CE962AE39E6B006F2C89 /* Onboarding */,
			);
			path = Screens;
			sourceTree = "<group>";
		};
		6066CE962AE39E6B006F2C89 /* Onboarding */ = {
			isa = PBXGroup;
			children = (
				605A15312AE802C9007E5CC6 /* Views */,
				605A15322AE802DA007E5CC6 /* OnboardingScreen.swift */,
			);
			path = Onboarding;
			sourceTree = "<group>";
		};
		6066CE972AE55E9F006F2C89 /* Util */ = {
			isa = PBXGroup;
			children = (
				6066CE982AE55EB2006F2C89 /* Constant.swift */,
			);
			path = Util;
			sourceTree = "<group>";
		};
		606900AF2AD8E838002280D8 /* Components */ = {
			isa = PBXGroup;
			children = (
				609B1F622B08A94B00AAC37B /* TextField */,
				609B1F5D2B08A76E00AAC37B /* EditText */,
				606900B02AD8ED78002280D8 /* CustomButton.swift */,
				604E94152ADE7BAB007B1FF2 /* Dropdown.swift */,
				6066CE912AE39B53006F2C89 /* DropdownField.swift */,
				6073531A2B0E46780049F5AC /* Chip.swift */,
				607E5AF32B0F940100E8452A /* FloatingButton.swift */,
				60AC71A32B11A89200DCB0AB /* FoodLogRow.swift */,
			);
			path = Components;
			sourceTree = "<group>";
		};
		6070178B2AD6B4E0000ECF18 = {
			isa = PBXGroup;
			children = (
				607017962AD6B4E0000ECF18 /* Nutreazy */,
				607017A82AD6B4E1000ECF18 /* NutreazyTests */,
				607017B22AD6B4E1000ECF18 /* NutreazyUITests */,
				607017952AD6B4E0000ECF18 /* Products */,
			);
			sourceTree = "<group>";
		};
		607017952AD6B4E0000ECF18 /* Products */ = {
			isa = PBXGroup;
			children = (
				607017942AD6B4E0000ECF18 /* Nutreazy.app */,
				607017A52AD6B4E1000ECF18 /* NutreazyTests.xctest */,
				607017AF2AD6B4E1000ECF18 /* NutreazyUITests.xctest */,
			);
			name = Products;
			sourceTree = "<group>";
		};
		607017962AD6B4E0000ECF18 /* Nutreazy */ = {
			isa = PBXGroup;
			children = (
				6066CE972AE55E9F006F2C89 /* Util */,
				607017C42AD6B7C1000ECF18 /* Data */,
				607017C32AD6B6F0000ECF18 /* Domain */,
				607017C22AD6B6CE000ECF18 /* Presentation */,
				6070179B2AD6B4E1000ECF18 /* Assets.xcassets */,
				60020DC92ADD353300209EE7 /* Info.plist */,
				607017972AD6B4E0000ECF18 /* NutreazyApp.swift */,
				6070179D2AD6B4E1000ECF18 /* Nutreazy.entitlements */,
				6070179E2AD6B4E1000ECF18 /* Preview Content */,
			);
			path = Nutreazy;
			sourceTree = "<group>";
		};
		6070179E2AD6B4E1000ECF18 /* Preview Content */ = {
			isa = PBXGroup;
			children = (
				6070179F2AD6B4E1000ECF18 /* Preview Assets.xcassets */,
			);
			path = "Preview Content";
			sourceTree = "<group>";
		};
		607017A82AD6B4E1000ECF18 /* NutreazyTests */ = {
			isa = PBXGroup;
			children = (
				607017A92AD6B4E1000ECF18 /* NutreazyTests.swift */,
			);
			path = NutreazyTests;
			sourceTree = "<group>";
		};
		607017B22AD6B4E1000ECF18 /* NutreazyUITests */ = {
			isa = PBXGroup;
			children = (
				607017B32AD6B4E1000ECF18 /* NutreazyUITests.swift */,
				607017B52AD6B4E1000ECF18 /* NutreazyUITestsLaunchTests.swift */,
			);
			path = NutreazyUITests;
			sourceTree = "<group>";
		};
		607017C22AD6B6CE000ECF18 /* Presentation */ = {
			isa = PBXGroup;
			children = (
				6066CE952AE39E2A006F2C89 /* Screens */,
				60020DB92ADD307600209EE7 /* Styles */,
				606900AF2AD8E838002280D8 /* Components */,
			);
			path = Presentation;
			sourceTree = "<group>";
		};
		607017C32AD6B6F0000ECF18 /* Domain */ = {
			isa = PBXGroup;
			children = (
				60295DC72B0B978800E6955C /* Register */,
				603F19112B08FEA9006B385B /* User */,
				603F19142B08FEB7006B385B /* FoodLog */,
				603F19152B08FEC1006B385B /* FoodInfo */,
			);
			path = Domain;
			sourceTree = "<group>";
		};
		607017C42AD6B7C1000ECF18 /* Data */ = {
			isa = PBXGroup;
			children = (
			);
			path = Data;
			sourceTree = "<group>";
		};
		609B1F5D2B08A76E00AAC37B /* EditText */ = {
			isa = PBXGroup;
			children = (
				60020DCE2ADD390B00209EE7 /* EditText.swift */,
				609B1F592B089E0B00AAC37B /* IntEditText.swift */,
				609B1F5E2B08A87C00AAC37B /* DoubleEditText.swift */,
			);
			path = EditText;
			sourceTree = "<group>";
		};
		609B1F622B08A94B00AAC37B /* TextField */ = {
			isa = PBXGroup;
			children = (
				609F669A2ADE26140007C42D /* IntTextField.swift */,
				609F669E2ADE71030007C42D /* LongStringTextField.swift */,
				609B1F642B08A9FE00AAC37B /* DoubleTextField.swift */,
			);
			path = TextField;
			sourceTree = "<group>";
		};
/* End PBXGroup section */

/* Begin PBXNativeTarget section */
		607017932AD6B4E0000ECF18 /* Nutreazy */ = {
			isa = PBXNativeTarget;
			buildConfigurationList = 607017B92AD6B4E1000ECF18 /* Build configuration list for PBXNativeTarget "Nutreazy" */;
			buildPhases = (
				607017902AD6B4E0000ECF18 /* Sources */,
				607017912AD6B4E0000ECF18 /* Frameworks */,
				607017922AD6B4E0000ECF18 /* Resources */,
			);
			buildRules = (
			);
			dependencies = (
			);
			name = Nutreazy;
			packageProductDependencies = (
				60DA934D2B03B3790004EA5C /* Realm */,
				60DA934F2B03B3790004EA5C /* RealmSwift */,
			);
			productName = Nutreazy;
			productReference = 607017942AD6B4E0000ECF18 /* Nutreazy.app */;
			productType = "com.apple.product-type.application";
		};
		607017A42AD6B4E1000ECF18 /* NutreazyTests */ = {
			isa = PBXNativeTarget;
			buildConfigurationList = 607017BC2AD6B4E1000ECF18 /* Build configuration list for PBXNativeTarget "NutreazyTests" */;
			buildPhases = (
				607017A12AD6B4E1000ECF18 /* Sources */,
				607017A22AD6B4E1000ECF18 /* Frameworks */,
				607017A32AD6B4E1000ECF18 /* Resources */,
			);
			buildRules = (
			);
			dependencies = (
				607017A72AD6B4E1000ECF18 /* PBXTargetDependency */,
			);
			name = NutreazyTests;
			productName = NutreazyTests;
			productReference = 607017A52AD6B4E1000ECF18 /* NutreazyTests.xctest */;
			productType = "com.apple.product-type.bundle.unit-test";
		};
		607017AE2AD6B4E1000ECF18 /* NutreazyUITests */ = {
			isa = PBXNativeTarget;
			buildConfigurationList = 607017BF2AD6B4E1000ECF18 /* Build configuration list for PBXNativeTarget "NutreazyUITests" */;
			buildPhases = (
				607017AB2AD6B4E1000ECF18 /* Sources */,
				607017AC2AD6B4E1000ECF18 /* Frameworks */,
				607017AD2AD6B4E1000ECF18 /* Resources */,
			);
			buildRules = (
			);
			dependencies = (
				607017B12AD6B4E1000ECF18 /* PBXTargetDependency */,
			);
			name = NutreazyUITests;
			productName = NutreazyUITests;
			productReference = 607017AF2AD6B4E1000ECF18 /* NutreazyUITests.xctest */;
			productType = "com.apple.product-type.bundle.ui-testing";
		};
/* End PBXNativeTarget section */

/* Begin PBXProject section */
		6070178C2AD6B4E0000ECF18 /* Project object */ = {
			isa = PBXProject;
			attributes = {
				BuildIndependentTargetsInParallel = 1;
				LastSwiftUpdateCheck = 1430;
				LastUpgradeCheck = 1430;
				TargetAttributes = {
					607017932AD6B4E0000ECF18 = {
						CreatedOnToolsVersion = 14.3.1;
					};
					607017A42AD6B4E1000ECF18 = {
						CreatedOnToolsVersion = 14.3.1;
						TestTargetID = 607017932AD6B4E0000ECF18;
					};
					607017AE2AD6B4E1000ECF18 = {
						CreatedOnToolsVersion = 14.3.1;
						TestTargetID = 607017932AD6B4E0000ECF18;
					};
				};
			};
			buildConfigurationList = 6070178F2AD6B4E0000ECF18 /* Build configuration list for PBXProject "Nutreazy" */;
			compatibilityVersion = "Xcode 14.0";
			developmentRegion = en;
			hasScannedForEncodings = 0;
			knownRegions = (
				en,
				Base,
			);
			mainGroup = 6070178B2AD6B4E0000ECF18;
			packageReferences = (
				60DA934C2B03B3790004EA5C /* XCRemoteSwiftPackageReference "realm-swift" */,
			);
			productRefGroup = 607017952AD6B4E0000ECF18 /* Products */;
			projectDirPath = "";
			projectRoot = "";
			targets = (
				607017932AD6B4E0000ECF18 /* Nutreazy */,
				607017A42AD6B4E1000ECF18 /* NutreazyTests */,
				607017AE2AD6B4E1000ECF18 /* NutreazyUITests */,
			);
		};
/* End PBXProject section */

/* Begin PBXResourcesBuildPhase section */
		607017922AD6B4E0000ECF18 /* Resources */ = {
			isa = PBXResourcesBuildPhase;
			buildActionMask = 2147483647;
			files = (
				607017A02AD6B4E1000ECF18 /* Preview Assets.xcassets in Resources */,
				60225C782B0CFA280036A8FC /* Poppins-LightItalic.ttf in Resources */,
				60020DC62ADD340200209EE7 /* Poppins-Light.ttf in Resources */,
				60020DC22ADD33F800209EE7 /* Poppins-Medium.ttf in Resources */,
				60020DBE2ADD33E400209EE7 /* OpenSans-Regular.ttf in Resources */,
				6070179C2AD6B4E1000ECF18 /* Assets.xcassets in Resources */,
			);
			runOnlyForDeploymentPostprocessing = 0;
		};
		607017A32AD6B4E1000ECF18 /* Resources */ = {
			isa = PBXResourcesBuildPhase;
			buildActionMask = 2147483647;
			files = (
				60020DBF2ADD33E400209EE7 /* OpenSans-Regular.ttf in Resources */,
				60020DC72ADD340200209EE7 /* Poppins-Light.ttf in Resources */,
				60020DC32ADD33F800209EE7 /* Poppins-Medium.ttf in Resources */,
				60225C792B0CFA280036A8FC /* Poppins-LightItalic.ttf in Resources */,
			);
			runOnlyForDeploymentPostprocessing = 0;
		};
		607017AD2AD6B4E1000ECF18 /* Resources */ = {
			isa = PBXResourcesBuildPhase;
			buildActionMask = 2147483647;
			files = (
				60020DC02ADD33E400209EE7 /* OpenSans-Regular.ttf in Resources */,
				60020DC82ADD340200209EE7 /* Poppins-Light.ttf in Resources */,
				60020DC42ADD33F800209EE7 /* Poppins-Medium.ttf in Resources */,
				60225C7A2B0CFA280036A8FC /* Poppins-LightItalic.ttf in Resources */,
			);
			runOnlyForDeploymentPostprocessing = 0;
		};
/* End PBXResourcesBuildPhase section */

/* Begin PBXSourcesBuildPhase section */
		607017902AD6B4E0000ECF18 /* Sources */ = {
			isa = PBXSourcesBuildPhase;
			buildActionMask = 2147483647;
			files = (
				609F669B2ADE26140007C42D /* IntTextField.swift in Sources */,
				60020DBB2ADD30A300209EE7 /* Colors.swift in Sources */,
				609B1F5F2B08A87C00AAC37B /* DoubleEditText.swift in Sources */,
				6070179A2AD6B4E0000ECF18 /* IntroductionView.swift in Sources */,
				607017982AD6B4E0000ECF18 /* NutreazyApp.swift in Sources */,
				605A15332AE802DA007E5CC6 /* OnboardingScreen.swift in Sources */,
				603F19172B08FEED006B385B /* UserManager.swift in Sources */,
				6066CE922AE39B53006F2C89 /* DropdownField.swift in Sources */,
				606900B12AD8ED78002280D8 /* CustomButton.swift in Sources */,
				60020DCF2ADD390B00209EE7 /* EditText.swift in Sources */,
				6069A7462AE8D0DA005288AB /* TargetView.swift in Sources */,
				60DA934B2B03ACF40004EA5C /* StrategyView.swift in Sources */,
				607353192B0E39030049F5AC /* FoodLogListView.swift in Sources */,
				6073531B2B0E46780049F5AC /* Chip.swift in Sources */,
				60295DC62B0B969D00E6955C /* MainScreen.swift in Sources */,
				609B1F5A2B089E0B00AAC37B /* IntEditText.swift in Sources */,
				6066CE992AE55EB2006F2C89 /* Constant.swift in Sources */,
				60020DCB2ADD37A700209EE7 /* TextStyles.swift in Sources */,
				60295DC92B0B979900E6955C /* RegisterModel.swift in Sources */,
				607E5AF42B0F940100E8452A /* FloatingButton.swift in Sources */,
				60E683642AE66D2500D3F3E8 /* WelcomeView.swift in Sources */,
				60AC71A42B11A89200DCB0AB /* FoodLogRow.swift in Sources */,
				607017C92AD6B871000ECF18 /* FoodLogModel.swift in Sources */,
				609B1F652B08A9FE00AAC37B /* DoubleTextField.swift in Sources */,
				609B1F6A2B08BFA500AAC37B /* UserState.swift in Sources */,
				609F669F2ADE71030007C42D /* LongStringTextField.swift in Sources */,
				607017CB2AD6B88E000ECF18 /* FoodInfoModel.swift in Sources */,
				604E94162ADE7BAB007B1FF2 /* Dropdown.swift in Sources */,
				6075D13A2AE96C310085E802 /* InfoView.swift in Sources */,
				607017C72AD6B848000ECF18 /* UserModel.swift in Sources */,
			);
			runOnlyForDeploymentPostprocessing = 0;
		};
		607017A12AD6B4E1000ECF18 /* Sources */ = {
			isa = PBXSourcesBuildPhase;
			buildActionMask = 2147483647;
			files = (
				609B1F662B08A9FE00AAC37B /* DoubleTextField.swift in Sources */,
				609F669C2ADE26140007C42D /* IntTextField.swift in Sources */,
				6075D13B2AE96C310085E802 /* InfoView.swift in Sources */,
				609B1F602B08A87C00AAC37B /* DoubleEditText.swift in Sources */,
				609B1F5B2B089E0B00AAC37B /* IntEditText.swift in Sources */,
				609F66A02ADE71030007C42D /* LongStringTextField.swift in Sources */,
				609B1F6B2B08BFA500AAC37B /* UserState.swift in Sources */,
				6066CE932AE39B53006F2C89 /* DropdownField.swift in Sources */,
				6069A7472AE8D0DA005288AB /* TargetView.swift in Sources */,
				6066CE9A2AE55EB2006F2C89 /* Constant.swift in Sources */,
				603F19132B08FEAF006B385B /* UserModel.swift in Sources */,
				60020DCC2ADD37A700209EE7 /* TextStyles.swift in Sources */,
				60020DD02ADD390B00209EE7 /* EditText.swift in Sources */,
				60E683652AE66D2500D3F3E8 /* WelcomeView.swift in Sources */,
				604E94172ADE7BAB007B1FF2 /* Dropdown.swift in Sources */,
				607017AA2AD6B4E1000ECF18 /* NutreazyTests.swift in Sources */,
			);
			runOnlyForDeploymentPostprocessing = 0;
		};
		607017AB2AD6B4E1000ECF18 /* Sources */ = {
			isa = PBXSourcesBuildPhase;
			buildActionMask = 2147483647;
			files = (
				609F669D2ADE26140007C42D /* IntTextField.swift in Sources */,
				60020DD12ADD390B00209EE7 /* EditText.swift in Sources */,
				6066CE9B2AE55EB2006F2C89 /* Constant.swift in Sources */,
				60020DCD2ADD37A700209EE7 /* TextStyles.swift in Sources */,
				6075D13C2AE96C310085E802 /* InfoView.swift in Sources */,
				60E683662AE66D2500D3F3E8 /* WelcomeView.swift in Sources */,
				609F66A12ADE71030007C42D /* LongStringTextField.swift in Sources */,
				607017B62AD6B4E1000ECF18 /* NutreazyUITestsLaunchTests.swift in Sources */,
				603F19122B08FEAF006B385B /* UserModel.swift in Sources */,
				609B1F672B08A9FE00AAC37B /* DoubleTextField.swift in Sources */,
				6069A7482AE8D0DA005288AB /* TargetView.swift in Sources */,
				609B1F6C2B08BFA500AAC37B /* UserState.swift in Sources */,
				609B1F612B08A87C00AAC37B /* DoubleEditText.swift in Sources */,
				609B1F5C2B089E0B00AAC37B /* IntEditText.swift in Sources */,
				607017B42AD6B4E1000ECF18 /* NutreazyUITests.swift in Sources */,
				604E94182ADE7BAB007B1FF2 /* Dropdown.swift in Sources */,
				6066CE942AE39B53006F2C89 /* DropdownField.swift in Sources */,
			);
			runOnlyForDeploymentPostprocessing = 0;
		};
/* End PBXSourcesBuildPhase section */

/* Begin PBXTargetDependency section */
		607017A72AD6B4E1000ECF18 /* PBXTargetDependency */ = {
			isa = PBXTargetDependency;
			target = 607017932AD6B4E0000ECF18 /* Nutreazy */;
			targetProxy = 607017A62AD6B4E1000ECF18 /* PBXContainerItemProxy */;
		};
		607017B12AD6B4E1000ECF18 /* PBXTargetDependency */ = {
			isa = PBXTargetDependency;
			target = 607017932AD6B4E0000ECF18 /* Nutreazy */;
			targetProxy = 607017B02AD6B4E1000ECF18 /* PBXContainerItemProxy */;
		};
/* End PBXTargetDependency section */

/* Begin XCBuildConfiguration section */
		607017B72AD6B4E1000ECF18 /* Debug */ = {
			isa = XCBuildConfiguration;
			buildSettings = {
				ALWAYS_SEARCH_USER_PATHS = NO;
				CLANG_ANALYZER_NONNULL = YES;
				CLANG_ANALYZER_NUMBER_OBJECT_CONVERSION = YES_AGGRESSIVE;
				CLANG_CXX_LANGUAGE_STANDARD = "gnu++20";
				CLANG_ENABLE_MODULES = YES;
				CLANG_ENABLE_OBJC_ARC = YES;
				CLANG_ENABLE_OBJC_WEAK = YES;
				CLANG_WARN_BLOCK_CAPTURE_AUTORELEASING = YES;
				CLANG_WARN_BOOL_CONVERSION = YES;
				CLANG_WARN_COMMA = YES;
				CLANG_WARN_CONSTANT_CONVERSION = YES;
				CLANG_WARN_DEPRECATED_OBJC_IMPLEMENTATIONS = YES;
				CLANG_WARN_DIRECT_OBJC_ISA_USAGE = YES_ERROR;
				CLANG_WARN_DOCUMENTATION_COMMENTS = YES;
				CLANG_WARN_EMPTY_BODY = YES;
				CLANG_WARN_ENUM_CONVERSION = YES;
				CLANG_WARN_INFINITE_RECURSION = YES;
				CLANG_WARN_INT_CONVERSION = YES;
				CLANG_WARN_NON_LITERAL_NULL_CONVERSION = YES;
				CLANG_WARN_OBJC_IMPLICIT_RETAIN_SELF = YES;
				CLANG_WARN_OBJC_LITERAL_CONVERSION = YES;
				CLANG_WARN_OBJC_ROOT_CLASS = YES_ERROR;
				CLANG_WARN_QUOTED_INCLUDE_IN_FRAMEWORK_HEADER = YES;
				CLANG_WARN_RANGE_LOOP_ANALYSIS = YES;
				CLANG_WARN_STRICT_PROTOTYPES = YES;
				CLANG_WARN_SUSPICIOUS_MOVE = YES;
				CLANG_WARN_UNGUARDED_AVAILABILITY = YES_AGGRESSIVE;
				CLANG_WARN_UNREACHABLE_CODE = YES;
				CLANG_WARN__DUPLICATE_METHOD_MATCH = YES;
				COPY_PHASE_STRIP = NO;
				DEBUG_INFORMATION_FORMAT = dwarf;
				ENABLE_STRICT_OBJC_MSGSEND = YES;
				ENABLE_TESTABILITY = YES;
				GCC_C_LANGUAGE_STANDARD = gnu11;
				GCC_DYNAMIC_NO_PIC = NO;
				GCC_NO_COMMON_BLOCKS = YES;
				GCC_OPTIMIZATION_LEVEL = 0;
				GCC_PREPROCESSOR_DEFINITIONS = (
					"DEBUG=1",
					"$(inherited)",
				);
				GCC_WARN_64_TO_32_BIT_CONVERSION = YES;
				GCC_WARN_ABOUT_RETURN_TYPE = YES_ERROR;
				GCC_WARN_UNDECLARED_SELECTOR = YES;
				GCC_WARN_UNINITIALIZED_AUTOS = YES_AGGRESSIVE;
				GCC_WARN_UNUSED_FUNCTION = YES;
				GCC_WARN_UNUSED_VARIABLE = YES;
				MTL_ENABLE_DEBUG_INFO = INCLUDE_SOURCE;
				MTL_FAST_MATH = YES;
				ONLY_ACTIVE_ARCH = YES;
				SWIFT_ACTIVE_COMPILATION_CONDITIONS = DEBUG;
				SWIFT_OPTIMIZATION_LEVEL = "-Onone";
			};
			name = Debug;
		};
		607017B82AD6B4E1000ECF18 /* Release */ = {
			isa = XCBuildConfiguration;
			buildSettings = {
				ALWAYS_SEARCH_USER_PATHS = NO;
				CLANG_ANALYZER_NONNULL = YES;
				CLANG_ANALYZER_NUMBER_OBJECT_CONVERSION = YES_AGGRESSIVE;
				CLANG_CXX_LANGUAGE_STANDARD = "gnu++20";
				CLANG_ENABLE_MODULES = YES;
				CLANG_ENABLE_OBJC_ARC = YES;
				CLANG_ENABLE_OBJC_WEAK = YES;
				CLANG_WARN_BLOCK_CAPTURE_AUTORELEASING = YES;
				CLANG_WARN_BOOL_CONVERSION = YES;
				CLANG_WARN_COMMA = YES;
				CLANG_WARN_CONSTANT_CONVERSION = YES;
				CLANG_WARN_DEPRECATED_OBJC_IMPLEMENTATIONS = YES;
				CLANG_WARN_DIRECT_OBJC_ISA_USAGE = YES_ERROR;
				CLANG_WARN_DOCUMENTATION_COMMENTS = YES;
				CLANG_WARN_EMPTY_BODY = YES;
				CLANG_WARN_ENUM_CONVERSION = YES;
				CLANG_WARN_INFINITE_RECURSION = YES;
				CLANG_WARN_INT_CONVERSION = YES;
				CLANG_WARN_NON_LITERAL_NULL_CONVERSION = YES;
				CLANG_WARN_OBJC_IMPLICIT_RETAIN_SELF = YES;
				CLANG_WARN_OBJC_LITERAL_CONVERSION = YES;
				CLANG_WARN_OBJC_ROOT_CLASS = YES_ERROR;
				CLANG_WARN_QUOTED_INCLUDE_IN_FRAMEWORK_HEADER = YES;
				CLANG_WARN_RANGE_LOOP_ANALYSIS = YES;
				CLANG_WARN_STRICT_PROTOTYPES = YES;
				CLANG_WARN_SUSPICIOUS_MOVE = YES;
				CLANG_WARN_UNGUARDED_AVAILABILITY = YES_AGGRESSIVE;
				CLANG_WARN_UNREACHABLE_CODE = YES;
				CLANG_WARN__DUPLICATE_METHOD_MATCH = YES;
				COPY_PHASE_STRIP = NO;
				DEBUG_INFORMATION_FORMAT = "dwarf-with-dsym";
				ENABLE_NS_ASSERTIONS = NO;
				ENABLE_STRICT_OBJC_MSGSEND = YES;
				GCC_C_LANGUAGE_STANDARD = gnu11;
				GCC_NO_COMMON_BLOCKS = YES;
				GCC_WARN_64_TO_32_BIT_CONVERSION = YES;
				GCC_WARN_ABOUT_RETURN_TYPE = YES_ERROR;
				GCC_WARN_UNDECLARED_SELECTOR = YES;
				GCC_WARN_UNINITIALIZED_AUTOS = YES_AGGRESSIVE;
				GCC_WARN_UNUSED_FUNCTION = YES;
				GCC_WARN_UNUSED_VARIABLE = YES;
				MTL_ENABLE_DEBUG_INFO = NO;
				MTL_FAST_MATH = YES;
				SWIFT_COMPILATION_MODE = wholemodule;
				SWIFT_OPTIMIZATION_LEVEL = "-O";
			};
			name = Release;
		};
		607017BA2AD6B4E1000ECF18 /* Debug */ = {
			isa = XCBuildConfiguration;
			buildSettings = {
				ASSETCATALOG_COMPILER_APPICON_NAME = AppIcon;
				ASSETCATALOG_COMPILER_GLOBAL_ACCENT_COLOR_NAME = AccentColor;
				CODE_SIGN_ENTITLEMENTS = Nutreazy/Nutreazy.entitlements;
				CODE_SIGN_STYLE = Automatic;
				CURRENT_PROJECT_VERSION = 1;
				DEVELOPMENT_ASSET_PATHS = "\"Nutreazy/Preview Content\"";
				DEVELOPMENT_TEAM = NY68P36NY4;
				ENABLE_HARDENED_RUNTIME = YES;
				ENABLE_PREVIEWS = YES;
				GENERATE_INFOPLIST_FILE = YES;
				INFOPLIST_FILE = Nutreazy/Info.plist;
				"INFOPLIST_KEY_UIApplicationSceneManifest_Generation[sdk=iphoneos*]" = YES;
				"INFOPLIST_KEY_UIApplicationSceneManifest_Generation[sdk=iphonesimulator*]" = YES;
				"INFOPLIST_KEY_UIApplicationSupportsIndirectInputEvents[sdk=iphoneos*]" = YES;
				"INFOPLIST_KEY_UIApplicationSupportsIndirectInputEvents[sdk=iphonesimulator*]" = YES;
				"INFOPLIST_KEY_UILaunchScreen_Generation[sdk=iphoneos*]" = YES;
				"INFOPLIST_KEY_UILaunchScreen_Generation[sdk=iphonesimulator*]" = YES;
				"INFOPLIST_KEY_UIStatusBarStyle[sdk=iphoneos*]" = UIStatusBarStyleDefault;
				"INFOPLIST_KEY_UIStatusBarStyle[sdk=iphonesimulator*]" = UIStatusBarStyleDefault;
				INFOPLIST_KEY_UISupportedInterfaceOrientations_iPad = "UIInterfaceOrientationPortrait UIInterfaceOrientationPortraitUpsideDown UIInterfaceOrientationLandscapeLeft UIInterfaceOrientationLandscapeRight";
				INFOPLIST_KEY_UISupportedInterfaceOrientations_iPhone = "UIInterfaceOrientationPortrait UIInterfaceOrientationLandscapeLeft UIInterfaceOrientationLandscapeRight";
				IPHONEOS_DEPLOYMENT_TARGET = 16.0;
				LD_RUNPATH_SEARCH_PATHS = "@executable_path/Frameworks";
				"LD_RUNPATH_SEARCH_PATHS[sdk=macosx*]" = "@executable_path/../Frameworks";
				MACOSX_DEPLOYMENT_TARGET = 13.1;
				MARKETING_VERSION = 1.0;
				PRODUCT_BUNDLE_IDENTIFIER = linar.Nutreazy;
				PRODUCT_NAME = "$(TARGET_NAME)";
				SDKROOT = auto;
				SUPPORTED_PLATFORMS = "iphoneos iphonesimulator";
				SUPPORTS_MACCATALYST = NO;
				SUPPORTS_MAC_DESIGNED_FOR_IPHONE_IPAD = NO;
				SWIFT_EMIT_LOC_STRINGS = YES;
				SWIFT_VERSION = 5.0;
				TARGETED_DEVICE_FAMILY = "1,2";
			};
			name = Debug;
		};
		607017BB2AD6B4E1000ECF18 /* Release */ = {
			isa = XCBuildConfiguration;
			buildSettings = {
				ASSETCATALOG_COMPILER_APPICON_NAME = AppIcon;
				ASSETCATALOG_COMPILER_GLOBAL_ACCENT_COLOR_NAME = AccentColor;
				CODE_SIGN_ENTITLEMENTS = Nutreazy/Nutreazy.entitlements;
				CODE_SIGN_STYLE = Automatic;
				CURRENT_PROJECT_VERSION = 1;
				DEVELOPMENT_ASSET_PATHS = "\"Nutreazy/Preview Content\"";
				DEVELOPMENT_TEAM = NY68P36NY4;
				ENABLE_HARDENED_RUNTIME = YES;
				ENABLE_PREVIEWS = YES;
				GENERATE_INFOPLIST_FILE = YES;
				INFOPLIST_FILE = Nutreazy/Info.plist;
				"INFOPLIST_KEY_UIApplicationSceneManifest_Generation[sdk=iphoneos*]" = YES;
				"INFOPLIST_KEY_UIApplicationSceneManifest_Generation[sdk=iphonesimulator*]" = YES;
				"INFOPLIST_KEY_UIApplicationSupportsIndirectInputEvents[sdk=iphoneos*]" = YES;
				"INFOPLIST_KEY_UIApplicationSupportsIndirectInputEvents[sdk=iphonesimulator*]" = YES;
				"INFOPLIST_KEY_UILaunchScreen_Generation[sdk=iphoneos*]" = YES;
				"INFOPLIST_KEY_UILaunchScreen_Generation[sdk=iphonesimulator*]" = YES;
				"INFOPLIST_KEY_UIStatusBarStyle[sdk=iphoneos*]" = UIStatusBarStyleDefault;
				"INFOPLIST_KEY_UIStatusBarStyle[sdk=iphonesimulator*]" = UIStatusBarStyleDefault;
				INFOPLIST_KEY_UISupportedInterfaceOrientations_iPad = "UIInterfaceOrientationPortrait UIInterfaceOrientationPortraitUpsideDown UIInterfaceOrientationLandscapeLeft UIInterfaceOrientationLandscapeRight";
				INFOPLIST_KEY_UISupportedInterfaceOrientations_iPhone = "UIInterfaceOrientationPortrait UIInterfaceOrientationLandscapeLeft UIInterfaceOrientationLandscapeRight";
				IPHONEOS_DEPLOYMENT_TARGET = 16.0;
				LD_RUNPATH_SEARCH_PATHS = "@executable_path/Frameworks";
				"LD_RUNPATH_SEARCH_PATHS[sdk=macosx*]" = "@executable_path/../Frameworks";
				MACOSX_DEPLOYMENT_TARGET = 13.1;
				MARKETING_VERSION = 1.0;
				PRODUCT_BUNDLE_IDENTIFIER = linar.Nutreazy;
				PRODUCT_NAME = "$(TARGET_NAME)";
				SDKROOT = auto;
				SUPPORTED_PLATFORMS = "iphoneos iphonesimulator";
				SUPPORTS_MACCATALYST = NO;
				SUPPORTS_MAC_DESIGNED_FOR_IPHONE_IPAD = NO;
				SWIFT_EMIT_LOC_STRINGS = YES;
				SWIFT_VERSION = 5.0;
				TARGETED_DEVICE_FAMILY = "1,2";
			};
			name = Release;
		};
		607017BD2AD6B4E1000ECF18 /* Debug */ = {
			isa = XCBuildConfiguration;
			buildSettings = {
				ALWAYS_EMBED_SWIFT_STANDARD_LIBRARIES = YES;
				BUNDLE_LOADER = "$(TEST_HOST)";
				CODE_SIGN_STYLE = Automatic;
				CURRENT_PROJECT_VERSION = 1;
				DEVELOPMENT_TEAM = NY68P36NY4;
				GENERATE_INFOPLIST_FILE = YES;
				IPHONEOS_DEPLOYMENT_TARGET = 16.4;
				MACOSX_DEPLOYMENT_TARGET = 13.1;
				MARKETING_VERSION = 1.0;
				PRODUCT_BUNDLE_IDENTIFIER = linar.NutreazyTests;
				PRODUCT_NAME = "$(TARGET_NAME)";
				SDKROOT = auto;
				SUPPORTED_PLATFORMS = "iphoneos iphonesimulator macosx";
				SWIFT_EMIT_LOC_STRINGS = NO;
				SWIFT_VERSION = 5.0;
				TARGETED_DEVICE_FAMILY = "1,2";
				TEST_HOST = "$(BUILT_PRODUCTS_DIR)/Nutreazy.app/$(BUNDLE_EXECUTABLE_FOLDER_PATH)/Nutreazy";
			};
			name = Debug;
		};
		607017BE2AD6B4E1000ECF18 /* Release */ = {
			isa = XCBuildConfiguration;
			buildSettings = {
				ALWAYS_EMBED_SWIFT_STANDARD_LIBRARIES = YES;
				BUNDLE_LOADER = "$(TEST_HOST)";
				CODE_SIGN_STYLE = Automatic;
				CURRENT_PROJECT_VERSION = 1;
				DEVELOPMENT_TEAM = NY68P36NY4;
				GENERATE_INFOPLIST_FILE = YES;
				IPHONEOS_DEPLOYMENT_TARGET = 16.4;
				MACOSX_DEPLOYMENT_TARGET = 13.1;
				MARKETING_VERSION = 1.0;
				PRODUCT_BUNDLE_IDENTIFIER = linar.NutreazyTests;
				PRODUCT_NAME = "$(TARGET_NAME)";
				SDKROOT = auto;
				SUPPORTED_PLATFORMS = "iphoneos iphonesimulator macosx";
				SWIFT_EMIT_LOC_STRINGS = NO;
				SWIFT_VERSION = 5.0;
				TARGETED_DEVICE_FAMILY = "1,2";
				TEST_HOST = "$(BUILT_PRODUCTS_DIR)/Nutreazy.app/$(BUNDLE_EXECUTABLE_FOLDER_PATH)/Nutreazy";
			};
			name = Release;
		};
		607017C02AD6B4E1000ECF18 /* Debug */ = {
			isa = XCBuildConfiguration;
			buildSettings = {
				ALWAYS_EMBED_SWIFT_STANDARD_LIBRARIES = YES;
				CODE_SIGN_STYLE = Automatic;
				CURRENT_PROJECT_VERSION = 1;
				DEVELOPMENT_TEAM = NY68P36NY4;
				GENERATE_INFOPLIST_FILE = YES;
				IPHONEOS_DEPLOYMENT_TARGET = 16.4;
				MACOSX_DEPLOYMENT_TARGET = 13.1;
				MARKETING_VERSION = 1.0;
				PRODUCT_BUNDLE_IDENTIFIER = linar.NutreazyUITests;
				PRODUCT_NAME = "$(TARGET_NAME)";
				SDKROOT = auto;
				SUPPORTED_PLATFORMS = "iphoneos iphonesimulator macosx";
				SWIFT_EMIT_LOC_STRINGS = NO;
				SWIFT_VERSION = 5.0;
				TARGETED_DEVICE_FAMILY = "1,2";
				TEST_TARGET_NAME = Nutreazy;
			};
			name = Debug;
		};
		607017C12AD6B4E1000ECF18 /* Release */ = {
			isa = XCBuildConfiguration;
			buildSettings = {
				ALWAYS_EMBED_SWIFT_STANDARD_LIBRARIES = YES;
				CODE_SIGN_STYLE = Automatic;
				CURRENT_PROJECT_VERSION = 1;
				DEVELOPMENT_TEAM = NY68P36NY4;
				GENERATE_INFOPLIST_FILE = YES;
				IPHONEOS_DEPLOYMENT_TARGET = 16.4;
				MACOSX_DEPLOYMENT_TARGET = 13.1;
				MARKETING_VERSION = 1.0;
				PRODUCT_BUNDLE_IDENTIFIER = linar.NutreazyUITests;
				PRODUCT_NAME = "$(TARGET_NAME)";
				SDKROOT = auto;
				SUPPORTED_PLATFORMS = "iphoneos iphonesimulator macosx";
				SWIFT_EMIT_LOC_STRINGS = NO;
				SWIFT_VERSION = 5.0;
				TARGETED_DEVICE_FAMILY = "1,2";
				TEST_TARGET_NAME = Nutreazy;
			};
			name = Release;
		};
/* End XCBuildConfiguration section */

/* Begin XCConfigurationList section */
		6070178F2AD6B4E0000ECF18 /* Build configuration list for PBXProject "Nutreazy" */ = {
			isa = XCConfigurationList;
			buildConfigurations = (
				607017B72AD6B4E1000ECF18 /* Debug */,
				607017B82AD6B4E1000ECF18 /* Release */,
			);
			defaultConfigurationIsVisible = 0;
			defaultConfigurationName = Release;
		};
		607017B92AD6B4E1000ECF18 /* Build configuration list for PBXNativeTarget "Nutreazy" */ = {
			isa = XCConfigurationList;
			buildConfigurations = (
				607017BA2AD6B4E1000ECF18 /* Debug */,
				607017BB2AD6B4E1000ECF18 /* Release */,
			);
			defaultConfigurationIsVisible = 0;
			defaultConfigurationName = Release;
		};
		607017BC2AD6B4E1000ECF18 /* Build configuration list for PBXNativeTarget "NutreazyTests" */ = {
			isa = XCConfigurationList;
			buildConfigurations = (
				607017BD2AD6B4E1000ECF18 /* Debug */,
				607017BE2AD6B4E1000ECF18 /* Release */,
			);
			defaultConfigurationIsVisible = 0;
			defaultConfigurationName = Release;
		};
		607017BF2AD6B4E1000ECF18 /* Build configuration list for PBXNativeTarget "NutreazyUITests" */ = {
			isa = XCConfigurationList;
			buildConfigurations = (
				607017C02AD6B4E1000ECF18 /* Debug */,
				607017C12AD6B4E1000ECF18 /* Release */,
			);
			defaultConfigurationIsVisible = 0;
			defaultConfigurationName = Release;
		};
/* End XCConfigurationList section */

/* Begin XCRemoteSwiftPackageReference section */
		60DA934C2B03B3790004EA5C /* XCRemoteSwiftPackageReference "realm-swift" */ = {
			isa = XCRemoteSwiftPackageReference;
			repositoryURL = "https://github.com/realm/realm-swift.git";
			requirement = {
				kind = upToNextMajorVersion;
				minimumVersion = 10.44.0;
			};
		};
/* End XCRemoteSwiftPackageReference section */

/* Begin XCSwiftPackageProductDependency section */
		60DA934D2B03B3790004EA5C /* Realm */ = {
			isa = XCSwiftPackageProductDependency;
			package = 60DA934C2B03B3790004EA5C /* XCRemoteSwiftPackageReference "realm-swift" */;
			productName = Realm;
		};
		60DA934F2B03B3790004EA5C /* RealmSwift */ = {
			isa = XCSwiftPackageProductDependency;
			package = 60DA934C2B03B3790004EA5C /* XCRemoteSwiftPackageReference "realm-swift" */;
			productName = RealmSwift;
		};
/* End XCSwiftPackageProductDependency section */
	};
	rootObject = 6070178C2AD6B4E0000ECF18 /* Project object */;
}
